
Microsoft Visual Studio Solution File, Format Version 12.00
# Visual Studio Version 17
VisualStudioVersion = 17.6.33815.320
MinimumVisualStudioVersion = 10.0.40219.1
Project("{FAE04EC0-301F-11D3-BF4B-00C04F79EFBC}") = "Launcher", "Launcher\Launcher.csproj", "{E42716F3-0088-4C00-BF51-09B71A946BF9}"
EndProject
Project("{FAE04EC0-301F-11D3-BF4B-00C04F79EFBC}") = "VehiclesLibrary", "VehiclesLibrary\VehiclesLibrary.csproj", "{D95568C6-E99C-4CCF-8C6A-251F2E85BEFC}"
EndProject
Global
	GlobalSection(SolutionConfigurationPlatforms) = preSolution
		Debug|Any CPU = Debug|Any CPU
		Release|Any CPU = Release|Any CPU
	EndGlobalSection
	GlobalSection(ProjectConfigurationPlatforms) = postSolution
		{E42716F3-0088-4C00-BF51-09B71A946BF9}.Debug|Any CPU.ActiveCfg = Debug|Any CPU
		{E42716F3-0088-4C00-BF51-09B71A946BF9}.Debug|Any CPU.Build.0 = Debug|Any CPU
		{E42716F3-0088-4C00-BF51-09B71A946BF9}.Release|Any CPU.ActiveCfg = Release|Any CPU
		{E42716F3-0088-4C00-BF51-09B71A946BF9}.Release|Any CPU.Build.0 = Release|Any CPU
		{D95568C6-E99C-4CCF-8C6A-251F2E85BEFC}.Debug|Any CPU.ActiveCfg = Debug|Any CPU
		{D95568C6-E99C-4CCF-8C6A-251F2E85BEFC}.Debug|Any CPU.Build.0 = Debug|Any CPU
		{D95568C6-E99C-4CCF-8C6A-251F2E85BEFC}.Release|Any CPU.ActiveCfg = Release|Any CPU
		{D95568C6-E99C-4CCF-8C6A-251F2E85BEFC}.Release|Any CPU.Build.0 = Release|Any CPU
	EndGlobalSection
	GlobalSection(SolutionProperties) = preSolution
		HideSolutionNode = FALSE
	EndGlobalSection
	GlobalSection(ExtensibilityGlobals) = postSolution
		SolutionGuid = {5748FC11-5904-4E4C-B75B-7A50126DBC0D}
	EndGlobalSection
EndGlobal
